// !$*UTF8*$!
{
	archiveVersion = 1;
	classes = {
	};
	objectVersion = 55;
	objects = {

/* Begin PBXBuildFile section */
		949C71BE2B227FB100E9CA98 /* ConfettiKind.swift in Sources */ = {isa = PBXBuildFile; fileRef = 949C718B2B227FB000E9CA98 /* ConfettiKind.swift */; };
		949C71BF2B227FB100E9CA98 /* Celebratable.swift in Sources */ = {isa = PBXBuildFile; fileRef = 949C718C2B227FB000E9CA98 /* Celebratable.swift */; };
		949C71C02B227FB100E9CA98 /* CelebrationKind.swift in Sources */ = {isa = PBXBuildFile; fileRef = 949C718D2B227FB000E9CA98 /* CelebrationKind.swift */; };
		949C71C12B227FB100E9CA98 /* DataError.swift in Sources */ = {isa = PBXBuildFile; fileRef = 949C71902B227FB000E9CA98 /* DataError.swift */; };
		949C71C22B227FB100E9CA98 /* Result+Additions.swift in Sources */ = {isa = PBXBuildFile; fileRef = 949C71922B227FB000E9CA98 /* Result+Additions.swift */; };
		949C71C32B227FB100E9CA98 /* UIColor+Hex.swift in Sources */ = {isa = PBXBuildFile; fileRef = 949C71942B227FB000E9CA98 /* UIColor+Hex.swift */; };
		949C71C42B227FB100E9CA98 /* UIView+Extension.swift in Sources */ = {isa = PBXBuildFile; fileRef = 949C71962B227FB000E9CA98 /* UIView+Extension.swift */; };
		949C71C52B227FB100E9CA98 /* UIView+AsyncAnimations.swift in Sources */ = {isa = PBXBuildFile; fileRef = 949C71972B227FB000E9CA98 /* UIView+AsyncAnimations.swift */; };
		949C71C62B227FB100E9CA98 /* Date+Calculations.swift in Sources */ = {isa = PBXBuildFile; fileRef = 949C71992B227FB000E9CA98 /* Date+Calculations.swift */; };
		949C71C72B227FB100E9CA98 /* Date+Additions.swift in Sources */ = {isa = PBXBuildFile; fileRef = 949C719A2B227FB000E9CA98 /* Date+Additions.swift */; };
		949C71C82B227FB100E9CA98 /* DateCalculator.swift in Sources */ = {isa = PBXBuildFile; fileRef = 949C719B2B227FB000E9CA98 /* DateCalculator.swift */; };
		949C71C92B227FB100E9CA98 /* NSDateUtils.swift in Sources */ = {isa = PBXBuildFile; fileRef = 949C719C2B227FB000E9CA98 /* NSDateUtils.swift */; };
		949C71CA2B227FB100E9CA98 /* FetchDateFormatter.swift in Sources */ = {isa = PBXBuildFile; fileRef = 949C719D2B227FB000E9CA98 /* FetchDateFormatter.swift */; };
		949C71CB2B227FB100E9CA98 /* ISO8601DateFormatStyleWrapper.swift in Sources */ = {isa = PBXBuildFile; fileRef = 949C719E2B227FB000E9CA98 /* ISO8601DateFormatStyleWrapper.swift */; };
		949C71CC2B227FB100E9CA98 /* URL+Constants.swift in Sources */ = {isa = PBXBuildFile; fileRef = 949C71A02B227FB000E9CA98 /* URL+Constants.swift */; };
		949C71CD2B227FB100E9CA98 /* Decodable+Additions.swift in Sources */ = {isa = PBXBuildFile; fileRef = 949C71A22B227FB000E9CA98 /* Decodable+Additions.swift */; };
		949C71CE2B227FB100E9CA98 /* FileManagerProtocol.swift in Sources */ = {isa = PBXBuildFile; fileRef = 949C71A42B227FB000E9CA98 /* FileManagerProtocol.swift */; };
		949C71CF2B227FB100E9CA98 /* FileManager+Mock.swift in Sources */ = {isa = PBXBuildFile; fileRef = 949C71A52B227FB000E9CA98 /* FileManager+Mock.swift */; };
		949C71D02B227FB100E9CA98 /* Task+AsyncHelpers.swift in Sources */ = {isa = PBXBuildFile; fileRef = 949C71A72B227FB000E9CA98 /* Task+AsyncHelpers.swift */; };
		949C71D12B227FB100E9CA98 /* Comparable+Clamping.swift in Sources */ = {isa = PBXBuildFile; fileRef = 949C71A92B227FB000E9CA98 /* Comparable+Clamping.swift */; };
		949C71D22B227FB100E9CA98 /* FloatingPoint+Additions.swift in Sources */ = {isa = PBXBuildFile; fileRef = 949C71AB2B227FB000E9CA98 /* FloatingPoint+Additions.swift */; };
		949C71D32B227FB100E9CA98 /* UISelectionFeedbackGenerating.swift in Sources */ = {isa = PBXBuildFile; fileRef = 949C71AD2B227FB000E9CA98 /* UISelectionFeedbackGenerating.swift */; };
		949C71D42B227FB100E9CA98 /* HapticsManager_FeedbackType.swift in Sources */ = {isa = PBXBuildFile; fileRef = 949C71AE2B227FB000E9CA98 /* HapticsManager_FeedbackType.swift */; };
		949C71D52B227FB100E9CA98 /* HapticsManager_GeneratorName.swift in Sources */ = {isa = PBXBuildFile; fileRef = 949C71AF2B227FB000E9CA98 /* HapticsManager_GeneratorName.swift */; };
		949C71D62B227FB100E9CA98 /* HapticsEngineManaging.swift in Sources */ = {isa = PBXBuildFile; fileRef = 949C71B02B227FB000E9CA98 /* HapticsEngineManaging.swift */; };
		949C71D72B227FB100E9CA98 /* CelebrationConfettiView.swift in Sources */ = {isa = PBXBuildFile; fileRef = 949C71B22B227FB100E9CA98 /* CelebrationConfettiView.swift */; };
		949C71D82B227FB100E9CA98 /* CelebrationConfetti.swift in Sources */ = {isa = PBXBuildFile; fileRef = 949C71B32B227FB100E9CA98 /* CelebrationConfetti.swift */; };
		949C71D92B227FB100E9CA98 /* CelebrationRainView.swift in Sources */ = {isa = PBXBuildFile; fileRef = 949C71B42B227FB100E9CA98 /* CelebrationRainView.swift */; };
		949C71DA2B227FB100E9CA98 /* Assets.xcassets in Resources */ = {isa = PBXBuildFile; fileRef = 949C71B52B227FB100E9CA98 /* Assets.xcassets */; };
		949C71DB2B227FB100E9CA98 /* Builder.swift in Sources */ = {isa = PBXBuildFile; fileRef = 949C71B62B227FB100E9CA98 /* Builder.swift */; };
		949C71DC2B227FB100E9CA98 /* ConfettiAnimation.swift in Sources */ = {isa = PBXBuildFile; fileRef = 949C71B72B227FB100E9CA98 /* ConfettiAnimation.swift */; };
		949C71DD2B227FB100E9CA98 /* ConfettiType.swift in Sources */ = {isa = PBXBuildFile; fileRef = 949C71B82B227FB100E9CA98 /* ConfettiType.swift */; };
		949C71DE2B227FB100E9CA98 /* UIView+Celebratable.swift in Sources */ = {isa = PBXBuildFile; fileRef = 949C71B92B227FB100E9CA98 /* UIView+Celebratable.swift */; };
		949C71DF2B227FB100E9CA98 /* UIViewController+Celebratable.swift in Sources */ = {isa = PBXBuildFile; fileRef = 949C71BA2B227FB100E9CA98 /* UIViewController+Celebratable.swift */; };
		949C71E02B227FB100E9CA98 /* HapticsManager.swift in Sources */ = {isa = PBXBuildFile; fileRef = 949C71BC2B227FB100E9CA98 /* HapticsManager.swift */; };
		949C71E12B227FB100E9CA98 /* HapticsManager+CoreHapticsEngine.swift in Sources */ = {isa = PBXBuildFile; fileRef = 949C71BD2B227FB100E9CA98 /* HapticsManager+CoreHapticsEngine.swift */; };
		949C71E32B22861B00E9CA98 /* CAEmitterCell+Init.swift in Sources */ = {isa = PBXBuildFile; fileRef = 949C71E22B22861B00E9CA98 /* CAEmitterCell+Init.swift */; };
		A6D826FD27CE8CDD001244D0 /* AppDelegate.swift in Sources */ = {isa = PBXBuildFile; fileRef = A6D826FC27CE8CDD001244D0 /* AppDelegate.swift */; };
		A6D826FF27CE8CDD001244D0 /* SceneDelegate.swift in Sources */ = {isa = PBXBuildFile; fileRef = A6D826FE27CE8CDD001244D0 /* SceneDelegate.swift */; };
		A6D8270127CE8CDD001244D0 /* ViewController.swift in Sources */ = {isa = PBXBuildFile; fileRef = A6D8270027CE8CDD001244D0 /* ViewController.swift */; };
		A6D8270427CE8CDD001244D0 /* Main.storyboard in Resources */ = {isa = PBXBuildFile; fileRef = A6D8270227CE8CDD001244D0 /* Main.storyboard */; };
		A6D8270627CE8CDD001244D0 /* Assets.xcassets in Resources */ = {isa = PBXBuildFile; fileRef = A6D8270527CE8CDD001244D0 /* Assets.xcassets */; };
		A6D8270927CE8CDD001244D0 /* LaunchScreen.storyboard in Resources */ = {isa = PBXBuildFile; fileRef = A6D8270727CE8CDD001244D0 /* LaunchScreen.storyboard */; };
/* End PBXBuildFile section */

/* Begin PBXFileReference section */
		949C718B2B227FB000E9CA98 /* ConfettiKind.swift */ = {isa = PBXFileReference; fileEncoding = 4; lastKnownFileType = sourcecode.swift; path = ConfettiKind.swift; sourceTree = "<group>"; };
		949C718C2B227FB000E9CA98 /* Celebratable.swift */ = {isa = PBXFileReference; fileEncoding = 4; lastKnownFileType = sourcecode.swift; path = Celebratable.swift; sourceTree = "<group>"; };
		949C718D2B227FB000E9CA98 /* CelebrationKind.swift */ = {isa = PBXFileReference; fileEncoding = 4; lastKnownFileType = sourcecode.swift; path = CelebrationKind.swift; sourceTree = "<group>"; };
		949C71902B227FB000E9CA98 /* DataError.swift */ = {isa = PBXFileReference; fileEncoding = 4; lastKnownFileType = sourcecode.swift; path = DataError.swift; sourceTree = "<group>"; };
		949C71922B227FB000E9CA98 /* Result+Additions.swift */ = {isa = PBXFileReference; fileEncoding = 4; lastKnownFileType = sourcecode.swift; path = "Result+Additions.swift"; sourceTree = "<group>"; };
		949C71942B227FB000E9CA98 /* UIColor+Hex.swift */ = {isa = PBXFileReference; fileEncoding = 4; lastKnownFileType = sourcecode.swift; path = "UIColor+Hex.swift"; sourceTree = "<group>"; };
		949C71962B227FB000E9CA98 /* UIView+Extension.swift */ = {isa = PBXFileReference; fileEncoding = 4; lastKnownFileType = sourcecode.swift; path = "UIView+Extension.swift"; sourceTree = "<group>"; };
		949C71972B227FB000E9CA98 /* UIView+AsyncAnimations.swift */ = {isa = PBXFileReference; fileEncoding = 4; lastKnownFileType = sourcecode.swift; path = "UIView+AsyncAnimations.swift"; sourceTree = "<group>"; };
		949C71992B227FB000E9CA98 /* Date+Calculations.swift */ = {isa = PBXFileReference; fileEncoding = 4; lastKnownFileType = sourcecode.swift; path = "Date+Calculations.swift"; sourceTree = "<group>"; };
		949C719A2B227FB000E9CA98 /* Date+Additions.swift */ = {isa = PBXFileReference; fileEncoding = 4; lastKnownFileType = sourcecode.swift; path = "Date+Additions.swift"; sourceTree = "<group>"; };
		949C719B2B227FB000E9CA98 /* DateCalculator.swift */ = {isa = PBXFileReference; fileEncoding = 4; lastKnownFileType = sourcecode.swift; path = DateCalculator.swift; sourceTree = "<group>"; };
		949C719C2B227FB000E9CA98 /* NSDateUtils.swift */ = {isa = PBXFileReference; fileEncoding = 4; lastKnownFileType = sourcecode.swift; path = NSDateUtils.swift; sourceTree = "<group>"; };
		949C719D2B227FB000E9CA98 /* FetchDateFormatter.swift */ = {isa = PBXFileReference; fileEncoding = 4; lastKnownFileType = sourcecode.swift; path = FetchDateFormatter.swift; sourceTree = "<group>"; };
		949C719E2B227FB000E9CA98 /* ISO8601DateFormatStyleWrapper.swift */ = {isa = PBXFileReference; fileEncoding = 4; lastKnownFileType = sourcecode.swift; path = ISO8601DateFormatStyleWrapper.swift; sourceTree = "<group>"; };
		949C71A02B227FB000E9CA98 /* URL+Constants.swift */ = {isa = PBXFileReference; fileEncoding = 4; lastKnownFileType = sourcecode.swift; path = "URL+Constants.swift"; sourceTree = "<group>"; };
		949C71A22B227FB000E9CA98 /* Decodable+Additions.swift */ = {isa = PBXFileReference; fileEncoding = 4; lastKnownFileType = sourcecode.swift; path = "Decodable+Additions.swift"; sourceTree = "<group>"; };
		949C71A42B227FB000E9CA98 /* FileManagerProtocol.swift */ = {isa = PBXFileReference; fileEncoding = 4; lastKnownFileType = sourcecode.swift; path = FileManagerProtocol.swift; sourceTree = "<group>"; };
		949C71A52B227FB000E9CA98 /* FileManager+Mock.swift */ = {isa = PBXFileReference; fileEncoding = 4; lastKnownFileType = sourcecode.swift; path = "FileManager+Mock.swift"; sourceTree = "<group>"; };
		949C71A72B227FB000E9CA98 /* Task+AsyncHelpers.swift */ = {isa = PBXFileReference; fileEncoding = 4; lastKnownFileType = sourcecode.swift; path = "Task+AsyncHelpers.swift"; sourceTree = "<group>"; };
		949C71A92B227FB000E9CA98 /* Comparable+Clamping.swift */ = {isa = PBXFileReference; fileEncoding = 4; lastKnownFileType = sourcecode.swift; path = "Comparable+Clamping.swift"; sourceTree = "<group>"; };
		949C71AB2B227FB000E9CA98 /* FloatingPoint+Additions.swift */ = {isa = PBXFileReference; fileEncoding = 4; lastKnownFileType = sourcecode.swift; path = "FloatingPoint+Additions.swift"; sourceTree = "<group>"; };
		949C71AD2B227FB000E9CA98 /* UISelectionFeedbackGenerating.swift */ = {isa = PBXFileReference; fileEncoding = 4; lastKnownFileType = sourcecode.swift; path = UISelectionFeedbackGenerating.swift; sourceTree = "<group>"; };
		949C71AE2B227FB000E9CA98 /* HapticsManager_FeedbackType.swift */ = {isa = PBXFileReference; fileEncoding = 4; lastKnownFileType = sourcecode.swift; path = HapticsManager_FeedbackType.swift; sourceTree = "<group>"; };
		949C71AF2B227FB000E9CA98 /* HapticsManager_GeneratorName.swift */ = {isa = PBXFileReference; fileEncoding = 4; lastKnownFileType = sourcecode.swift; path = HapticsManager_GeneratorName.swift; sourceTree = "<group>"; };
		949C71B02B227FB000E9CA98 /* HapticsEngineManaging.swift */ = {isa = PBXFileReference; fileEncoding = 4; lastKnownFileType = sourcecode.swift; path = HapticsEngineManaging.swift; sourceTree = "<group>"; };
		949C71B22B227FB100E9CA98 /* CelebrationConfettiView.swift */ = {isa = PBXFileReference; fileEncoding = 4; lastKnownFileType = sourcecode.swift; path = CelebrationConfettiView.swift; sourceTree = "<group>"; };
		949C71B32B227FB100E9CA98 /* CelebrationConfetti.swift */ = {isa = PBXFileReference; fileEncoding = 4; lastKnownFileType = sourcecode.swift; path = CelebrationConfetti.swift; sourceTree = "<group>"; };
		949C71B42B227FB100E9CA98 /* CelebrationRainView.swift */ = {isa = PBXFileReference; fileEncoding = 4; lastKnownFileType = sourcecode.swift; path = CelebrationRainView.swift; sourceTree = "<group>"; };
		949C71B52B227FB100E9CA98 /* Assets.xcassets */ = {isa = PBXFileReference; lastKnownFileType = folder.assetcatalog; path = Assets.xcassets; sourceTree = "<group>"; };
		949C71B62B227FB100E9CA98 /* Builder.swift */ = {isa = PBXFileReference; fileEncoding = 4; lastKnownFileType = sourcecode.swift; path = Builder.swift; sourceTree = "<group>"; };
		949C71B72B227FB100E9CA98 /* ConfettiAnimation.swift */ = {isa = PBXFileReference; fileEncoding = 4; lastKnownFileType = sourcecode.swift; path = ConfettiAnimation.swift; sourceTree = "<group>"; };
		949C71B82B227FB100E9CA98 /* ConfettiType.swift */ = {isa = PBXFileReference; fileEncoding = 4; lastKnownFileType = sourcecode.swift; path = ConfettiType.swift; sourceTree = "<group>"; };
		949C71B92B227FB100E9CA98 /* UIView+Celebratable.swift */ = {isa = PBXFileReference; fileEncoding = 4; lastKnownFileType = sourcecode.swift; path = "UIView+Celebratable.swift"; sourceTree = "<group>"; };
		949C71BA2B227FB100E9CA98 /* UIViewController+Celebratable.swift */ = {isa = PBXFileReference; fileEncoding = 4; lastKnownFileType = sourcecode.swift; path = "UIViewController+Celebratable.swift"; sourceTree = "<group>"; };
		949C71BC2B227FB100E9CA98 /* HapticsManager.swift */ = {isa = PBXFileReference; fileEncoding = 4; lastKnownFileType = sourcecode.swift; path = HapticsManager.swift; sourceTree = "<group>"; };
		949C71BD2B227FB100E9CA98 /* HapticsManager+CoreHapticsEngine.swift */ = {isa = PBXFileReference; fileEncoding = 4; lastKnownFileType = sourcecode.swift; path = "HapticsManager+CoreHapticsEngine.swift"; sourceTree = "<group>"; };
		949C71E22B22861B00E9CA98 /* CAEmitterCell+Init.swift */ = {isa = PBXFileReference; lastKnownFileType = sourcecode.swift; path = "CAEmitterCell+Init.swift"; sourceTree = "<group>"; };
		A6D826F927CE8CDD001244D0 /* UIKitTesting.app */ = {isa = PBXFileReference; explicitFileType = wrapper.application; includeInIndex = 0; path = UIKitTesting.app; sourceTree = BUILT_PRODUCTS_DIR; };
		A6D826FC27CE8CDD001244D0 /* AppDelegate.swift */ = {isa = PBXFileReference; lastKnownFileType = sourcecode.swift; path = AppDelegate.swift; sourceTree = "<group>"; };
		A6D826FE27CE8CDD001244D0 /* SceneDelegate.swift */ = {isa = PBXFileReference; lastKnownFileType = sourcecode.swift; path = SceneDelegate.swift; sourceTree = "<group>"; };
		A6D8270027CE8CDD001244D0 /* ViewController.swift */ = {isa = PBXFileReference; lastKnownFileType = sourcecode.swift; path = ViewController.swift; sourceTree = "<group>"; };
		A6D8270327CE8CDD001244D0 /* Base */ = {isa = PBXFileReference; lastKnownFileType = file.storyboard; name = Base; path = Base.lproj/Main.storyboard; sourceTree = "<group>"; };
		A6D8270527CE8CDD001244D0 /* Assets.xcassets */ = {isa = PBXFileReference; lastKnownFileType = folder.assetcatalog; path = Assets.xcassets; sourceTree = "<group>"; };
		A6D8270827CE8CDD001244D0 /* Base */ = {isa = PBXFileReference; lastKnownFileType = file.storyboard; name = Base; path = Base.lproj/LaunchScreen.storyboard; sourceTree = "<group>"; };
		A6D8270A27CE8CDD001244D0 /* Info.plist */ = {isa = PBXFileReference; lastKnownFileType = text.plist.xml; path = Info.plist; sourceTree = "<group>"; };
/* End PBXFileReference section */

/* Begin PBXFrameworksBuildPhase section */
		A6D826F627CE8CDD001244D0 /* Frameworks */ = {
			isa = PBXFrameworksBuildPhase;
			buildActionMask = 2147483647;
			files = (
			);
			runOnlyForDeploymentPostprocessing = 0;
		};
/* End PBXFrameworksBuildPhase section */

/* Begin PBXGroup section */
		949C718A2B227FB000E9CA98 /* FetchConfetti */ = {
			isa = PBXGroup;
			children = (
				949C718B2B227FB000E9CA98 /* ConfettiKind.swift */,
				949C718C2B227FB000E9CA98 /* Celebratable.swift */,
				949C718D2B227FB000E9CA98 /* CelebrationKind.swift */,
			);
			path = FetchConfetti;
			sourceTree = "<group>";
		};
		949C718E2B227FB000E9CA98 /* FetchFoundation */ = {
			isa = PBXGroup;
			children = (
				949C718F2B227FB000E9CA98 /* Misc */,
				949C71912B227FB000E9CA98 /* Result */,
				949C71932B227FB000E9CA98 /* UIColor */,
				949C71952B227FB000E9CA98 /* UIView */,
				949C71982B227FB000E9CA98 /* Date */,
				949C719F2B227FB000E9CA98 /* URL */,
				949C71A12B227FB000E9CA98 /* Decodable */,
				949C71A32B227FB000E9CA98 /* FileManager */,
				949C71A62B227FB000E9CA98 /* Task */,
				949C71A82B227FB000E9CA98 /* Comparable */,
				949C71AA2B227FB000E9CA98 /* FloatingPoint */,
			);
			path = FetchFoundation;
			sourceTree = "<group>";
		};
		949C718F2B227FB000E9CA98 /* Misc */ = {
			isa = PBXGroup;
			children = (
				949C71902B227FB000E9CA98 /* DataError.swift */,
			);
			path = Misc;
			sourceTree = "<group>";
		};
		949C71912B227FB000E9CA98 /* Result */ = {
			isa = PBXGroup;
			children = (
				949C71922B227FB000E9CA98 /* Result+Additions.swift */,
			);
			path = Result;
			sourceTree = "<group>";
		};
		949C71932B227FB000E9CA98 /* UIColor */ = {
			isa = PBXGroup;
			children = (
				949C71942B227FB000E9CA98 /* UIColor+Hex.swift */,
			);
			path = UIColor;
			sourceTree = "<group>";
		};
		949C71952B227FB000E9CA98 /* UIView */ = {
			isa = PBXGroup;
			children = (
				949C71962B227FB000E9CA98 /* UIView+Extension.swift */,
				949C71972B227FB000E9CA98 /* UIView+AsyncAnimations.swift */,
			);
			path = UIView;
			sourceTree = "<group>";
		};
		949C71982B227FB000E9CA98 /* Date */ = {
			isa = PBXGroup;
			children = (
				949C71992B227FB000E9CA98 /* Date+Calculations.swift */,
				949C719A2B227FB000E9CA98 /* Date+Additions.swift */,
				949C719B2B227FB000E9CA98 /* DateCalculator.swift */,
				949C719C2B227FB000E9CA98 /* NSDateUtils.swift */,
				949C719D2B227FB000E9CA98 /* FetchDateFormatter.swift */,
				949C719E2B227FB000E9CA98 /* ISO8601DateFormatStyleWrapper.swift */,
			);
			path = Date;
			sourceTree = "<group>";
		};
		949C719F2B227FB000E9CA98 /* URL */ = {
			isa = PBXGroup;
			children = (
				949C71A02B227FB000E9CA98 /* URL+Constants.swift */,
			);
			path = URL;
			sourceTree = "<group>";
		};
		949C71A12B227FB000E9CA98 /* Decodable */ = {
			isa = PBXGroup;
			children = (
				949C71A22B227FB000E9CA98 /* Decodable+Additions.swift */,
			);
			path = Decodable;
			sourceTree = "<group>";
		};
		949C71A32B227FB000E9CA98 /* FileManager */ = {
			isa = PBXGroup;
			children = (
				949C71A42B227FB000E9CA98 /* FileManagerProtocol.swift */,
				949C71A52B227FB000E9CA98 /* FileManager+Mock.swift */,
			);
			path = FileManager;
			sourceTree = "<group>";
		};
		949C71A62B227FB000E9CA98 /* Task */ = {
			isa = PBXGroup;
			children = (
				949C71A72B227FB000E9CA98 /* Task+AsyncHelpers.swift */,
			);
			path = Task;
			sourceTree = "<group>";
		};
		949C71A82B227FB000E9CA98 /* Comparable */ = {
			isa = PBXGroup;
			children = (
				949C71A92B227FB000E9CA98 /* Comparable+Clamping.swift */,
			);
			path = Comparable;
			sourceTree = "<group>";
		};
		949C71AA2B227FB000E9CA98 /* FloatingPoint */ = {
			isa = PBXGroup;
			children = (
				949C71AB2B227FB000E9CA98 /* FloatingPoint+Additions.swift */,
			);
			path = FloatingPoint;
			sourceTree = "<group>";
		};
		949C71AC2B227FB000E9CA98 /* FetchHaptics */ = {
			isa = PBXGroup;
			children = (
				949C71AD2B227FB000E9CA98 /* UISelectionFeedbackGenerating.swift */,
				949C71AE2B227FB000E9CA98 /* HapticsManager_FeedbackType.swift */,
				949C71AF2B227FB000E9CA98 /* HapticsManager_GeneratorName.swift */,
				949C71B02B227FB000E9CA98 /* HapticsEngineManaging.swift */,
			);
			path = FetchHaptics;
			sourceTree = "<group>";
		};
		949C71B12B227FB100E9CA98 /* FetchConfettiLive */ = {
			isa = PBXGroup;
			children = (
				949C71B22B227FB100E9CA98 /* CelebrationConfettiView.swift */,
				949C71B32B227FB100E9CA98 /* CelebrationConfetti.swift */,
				949C71B42B227FB100E9CA98 /* CelebrationRainView.swift */,
				949C71E22B22861B00E9CA98 /* CAEmitterCell+Init.swift */,
				949C71B52B227FB100E9CA98 /* Assets.xcassets */,
				949C71B62B227FB100E9CA98 /* Builder.swift */,
				949C71B72B227FB100E9CA98 /* ConfettiAnimation.swift */,
				949C71B82B227FB100E9CA98 /* ConfettiType.swift */,
				949C71B92B227FB100E9CA98 /* UIView+Celebratable.swift */,
				949C71BA2B227FB100E9CA98 /* UIViewController+Celebratable.swift */,
			);
			path = FetchConfettiLive;
			sourceTree = "<group>";
		};
		949C71BB2B227FB100E9CA98 /* FetchHapticsLive */ = {
			isa = PBXGroup;
			children = (
				949C71BC2B227FB100E9CA98 /* HapticsManager.swift */,
				949C71BD2B227FB100E9CA98 /* HapticsManager+CoreHapticsEngine.swift */,
			);
			path = FetchHapticsLive;
			sourceTree = "<group>";
		};
		A6D826F027CE8CDD001244D0 = {
			isa = PBXGroup;
			children = (
				A6D826FB27CE8CDD001244D0 /* UIKitTesting */,
				A6D826FA27CE8CDD001244D0 /* Products */,
			);
			sourceTree = "<group>";
		};
		A6D826FA27CE8CDD001244D0 /* Products */ = {
			isa = PBXGroup;
			children = (
				A6D826F927CE8CDD001244D0 /* UIKitTesting.app */,
			);
			name = Products;
			sourceTree = "<group>";
		};
		A6D826FB27CE8CDD001244D0 /* UIKitTesting */ = {
			isa = PBXGroup;
			children = (
				949C718A2B227FB000E9CA98 /* FetchConfetti */,
				949C71B12B227FB100E9CA98 /* FetchConfettiLive */,
				949C718E2B227FB000E9CA98 /* FetchFoundation */,
				949C71AC2B227FB000E9CA98 /* FetchHaptics */,
				949C71BB2B227FB100E9CA98 /* FetchHapticsLive */,
				A6D826FC27CE8CDD001244D0 /* AppDelegate.swift */,
				A6D826FE27CE8CDD001244D0 /* SceneDelegate.swift */,
				A6D8270027CE8CDD001244D0 /* ViewController.swift */,
				A6D8270227CE8CDD001244D0 /* Main.storyboard */,
				A6D8270527CE8CDD001244D0 /* Assets.xcassets */,
				A6D8270727CE8CDD001244D0 /* LaunchScreen.storyboard */,
				A6D8270A27CE8CDD001244D0 /* Info.plist */,
			);
			path = UIKitTesting;
			sourceTree = "<group>";
		};
/* End PBXGroup section */

/* Begin PBXNativeTarget section */
		A6D826F827CE8CDD001244D0 /* UIKitTesting */ = {
			isa = PBXNativeTarget;
			buildConfigurationList = A6D8270D27CE8CDD001244D0 /* Build configuration list for PBXNativeTarget "UIKitTesting" */;
			buildPhases = (
				A6D826F527CE8CDD001244D0 /* Sources */,
				A6D826F627CE8CDD001244D0 /* Frameworks */,
				A6D826F727CE8CDD001244D0 /* Resources */,
			);
			buildRules = (
			);
			dependencies = (
			);
			name = UIKitTesting;
			productName = UIKitTesting;
			productReference = A6D826F927CE8CDD001244D0 /* UIKitTesting.app */;
			productType = "com.apple.product-type.application";
		};
/* End PBXNativeTarget section */

/* Begin PBXProject section */
		A6D826F127CE8CDD001244D0 /* Project object */ = {
			isa = PBXProject;
			attributes = {
				BuildIndependentTargetsInParallel = 1;
				LastSwiftUpdateCheck = 1320;
				LastUpgradeCheck = 1500;
				TargetAttributes = {
					A6D826F827CE8CDD001244D0 = {
						CreatedOnToolsVersion = 13.2.1;
					};
				};
			};
			buildConfigurationList = A6D826F427CE8CDD001244D0 /* Build configuration list for PBXProject "UIKitTesting" */;
			compatibilityVersion = "Xcode 13.0";
			developmentRegion = en;
			hasScannedForEncodings = 0;
			knownRegions = (
				en,
				Base,
			);
			mainGroup = A6D826F027CE8CDD001244D0;
			productRefGroup = A6D826FA27CE8CDD001244D0 /* Products */;
			projectDirPath = "";
			projectRoot = "";
			targets = (
				A6D826F827CE8CDD001244D0 /* UIKitTesting */,
			);
		};
/* End PBXProject section */

/* Begin PBXResourcesBuildPhase section */
		A6D826F727CE8CDD001244D0 /* Resources */ = {
			isa = PBXResourcesBuildPhase;
			buildActionMask = 2147483647;
			files = (
				A6D8270927CE8CDD001244D0 /* LaunchScreen.storyboard in Resources */,
				A6D8270627CE8CDD001244D0 /* Assets.xcassets in Resources */,
				949C71DA2B227FB100E9CA98 /* Assets.xcassets in Resources */,
				A6D8270427CE8CDD001244D0 /* Main.storyboard in Resources */,
			);
			runOnlyForDeploymentPostprocessing = 0;
		};
/* End PBXResourcesBuildPhase section */

/* Begin PBXSourcesBuildPhase section */
		A6D826F527CE8CDD001244D0 /* Sources */ = {
			isa = PBXSourcesBuildPhase;
			buildActionMask = 2147483647;
			files = (
				949C71D22B227FB100E9CA98 /* FloatingPoint+Additions.swift in Sources */,
				949C71C02B227FB100E9CA98 /* CelebrationKind.swift in Sources */,
				949C71CE2B227FB100E9CA98 /* FileManagerProtocol.swift in Sources */,
				949C71D32B227FB100E9CA98 /* UISelectionFeedbackGenerating.swift in Sources */,
				949C71C52B227FB100E9CA98 /* UIView+AsyncAnimations.swift in Sources */,
				A6D8270127CE8CDD001244D0 /* ViewController.swift in Sources */,
				949C71E32B22861B00E9CA98 /* CAEmitterCell+Init.swift in Sources */,
				949C71C72B227FB100E9CA98 /* Date+Additions.swift in Sources */,
				949C71C22B227FB100E9CA98 /* Result+Additions.swift in Sources */,
				949C71D92B227FB100E9CA98 /* CelebrationRainView.swift in Sources */,
				949C71C32B227FB100E9CA98 /* UIColor+Hex.swift in Sources */,
				949C71E02B227FB100E9CA98 /* HapticsManager.swift in Sources */,
				949C71DE2B227FB100E9CA98 /* UIView+Celebratable.swift in Sources */,
				949C71C62B227FB100E9CA98 /* Date+Calculations.swift in Sources */,
				A6D826FD27CE8CDD001244D0 /* AppDelegate.swift in Sources */,
				949C71D42B227FB100E9CA98 /* HapticsManager_FeedbackType.swift in Sources */,
				A6D826FF27CE8CDD001244D0 /* SceneDelegate.swift in Sources */,
				949C71CF2B227FB100E9CA98 /* FileManager+Mock.swift in Sources */,
				949C71DB2B227FB100E9CA98 /* Builder.swift in Sources */,
				949C71C12B227FB100E9CA98 /* DataError.swift in Sources */,
				949C71DC2B227FB100E9CA98 /* ConfettiAnimation.swift in Sources */,
				949C71CB2B227FB100E9CA98 /* ISO8601DateFormatStyleWrapper.swift in Sources */,
				949C71D72B227FB100E9CA98 /* CelebrationConfettiView.swift in Sources */,
				949C71BF2B227FB100E9CA98 /* Celebratable.swift in Sources */,
				949C71D82B227FB100E9CA98 /* CelebrationConfetti.swift in Sources */,
				949C71CD2B227FB100E9CA98 /* Decodable+Additions.swift in Sources */,
				949C71D52B227FB100E9CA98 /* HapticsManager_GeneratorName.swift in Sources */,
				949C71E12B227FB100E9CA98 /* HapticsManager+CoreHapticsEngine.swift in Sources */,
				949C71D02B227FB100E9CA98 /* Task+AsyncHelpers.swift in Sources */,
				949C71C42B227FB100E9CA98 /* UIView+Extension.swift in Sources */,
				949C71BE2B227FB100E9CA98 /* ConfettiKind.swift in Sources */,
				949C71DD2B227FB100E9CA98 /* ConfettiType.swift in Sources */,
				949C71D62B227FB100E9CA98 /* HapticsEngineManaging.swift in Sources */,
				949C71C92B227FB100E9CA98 /* NSDateUtils.swift in Sources */,
				949C71C82B227FB100E9CA98 /* DateCalculator.swift in Sources */,
				949C71DF2B227FB100E9CA98 /* UIViewController+Celebratable.swift in Sources */,
				949C71D12B227FB100E9CA98 /* Comparable+Clamping.swift in Sources */,
				949C71CA2B227FB100E9CA98 /* FetchDateFormatter.swift in Sources */,
				949C71CC2B227FB100E9CA98 /* URL+Constants.swift in Sources */,
			);
			runOnlyForDeploymentPostprocessing = 0;
		};
/* End PBXSourcesBuildPhase section */

/* Begin PBXVariantGroup section */
		A6D8270227CE8CDD001244D0 /* Main.storyboard */ = {
			isa = PBXVariantGroup;
			children = (
				A6D8270327CE8CDD001244D0 /* Base */,
			);
			name = Main.storyboard;
			sourceTree = "<group>";
		};
		A6D8270727CE8CDD001244D0 /* LaunchScreen.storyboard */ = {
			isa = PBXVariantGroup;
			children = (
				A6D8270827CE8CDD001244D0 /* Base */,
			);
			name = LaunchScreen.storyboard;
			sourceTree = "<group>";
		};
/* End PBXVariantGroup section */

/* Begin XCBuildConfiguration section */
		A6D8270B27CE8CDD001244D0 /* Debug */ = {
			isa = XCBuildConfiguration;
			buildSettings = {
				ALWAYS_SEARCH_USER_PATHS = NO;
				ASSETCATALOG_COMPILER_GENERATE_SWIFT_ASSET_SYMBOL_EXTENSIONS = YES;
				CLANG_ANALYZER_NONNULL = YES;
				CLANG_ANALYZER_NUMBER_OBJECT_CONVERSION = YES_AGGRESSIVE;
				CLANG_CXX_LANGUAGE_STANDARD = "gnu++17";
				CLANG_CXX_LIBRARY = "libc++";
				CLANG_ENABLE_MODULES = YES;
				CLANG_ENABLE_OBJC_ARC = YES;
				CLANG_ENABLE_OBJC_WEAK = YES;
				CLANG_WARN_BLOCK_CAPTURE_AUTORELEASING = YES;
				CLANG_WARN_BOOL_CONVERSION = YES;
				CLANG_WARN_COMMA = YES;
				CLANG_WARN_CONSTANT_CONVERSION = YES;
				CLANG_WARN_DEPRECATED_OBJC_IMPLEMENTATIONS = YES;
				CLANG_WARN_DIRECT_OBJC_ISA_USAGE = YES_ERROR;
				CLANG_WARN_DOCUMENTATION_COMMENTS = YES;
				CLANG_WARN_EMPTY_BODY = YES;
				CLANG_WARN_ENUM_CONVERSION = YES;
				CLANG_WARN_INFINITE_RECURSION = YES;
				CLANG_WARN_INT_CONVERSION = YES;
				CLANG_WARN_NON_LITERAL_NULL_CONVERSION = YES;
				CLANG_WARN_OBJC_IMPLICIT_RETAIN_SELF = YES;
				CLANG_WARN_OBJC_LITERAL_CONVERSION = YES;
				CLANG_WARN_OBJC_ROOT_CLASS = YES_ERROR;
				CLANG_WARN_QUOTED_INCLUDE_IN_FRAMEWORK_HEADER = YES;
				CLANG_WARN_RANGE_LOOP_ANALYSIS = YES;
				CLANG_WARN_STRICT_PROTOTYPES = YES;
				CLANG_WARN_SUSPICIOUS_MOVE = YES;
				CLANG_WARN_UNGUARDED_AVAILABILITY = YES_AGGRESSIVE;
				CLANG_WARN_UNREACHABLE_CODE = YES;
				CLANG_WARN__DUPLICATE_METHOD_MATCH = YES;
				COPY_PHASE_STRIP = NO;
				DEBUG_INFORMATION_FORMAT = dwarf;
				ENABLE_STRICT_OBJC_MSGSEND = YES;
				ENABLE_TESTABILITY = YES;
				ENABLE_USER_SCRIPT_SANDBOXING = YES;
				GCC_C_LANGUAGE_STANDARD = gnu11;
				GCC_DYNAMIC_NO_PIC = NO;
				GCC_NO_COMMON_BLOCKS = YES;
				GCC_OPTIMIZATION_LEVEL = 0;
				GCC_PREPROCESSOR_DEFINITIONS = (
					"DEBUG=1",
					"$(inherited)",
				);
				GCC_WARN_64_TO_32_BIT_CONVERSION = YES;
				GCC_WARN_ABOUT_RETURN_TYPE = YES_ERROR;
				GCC_WARN_UNDECLARED_SELECTOR = YES;
				GCC_WARN_UNINITIALIZED_AUTOS = YES_AGGRESSIVE;
				GCC_WARN_UNUSED_FUNCTION = YES;
				GCC_WARN_UNUSED_VARIABLE = YES;
				IPHONEOS_DEPLOYMENT_TARGET = 15.2;
				MTL_ENABLE_DEBUG_INFO = INCLUDE_SOURCE;
				MTL_FAST_MATH = YES;
				ONLY_ACTIVE_ARCH = YES;
				SDKROOT = iphoneos;
				SWIFT_ACTIVE_COMPILATION_CONDITIONS = DEBUG;
				SWIFT_OPTIMIZATION_LEVEL = "-Onone";
			};
			name = Debug;
		};
		A6D8270C27CE8CDD001244D0 /* Release */ = {
			isa = XCBuildConfiguration;
			buildSettings = {
				ALWAYS_SEARCH_USER_PATHS = NO;
				ASSETCATALOG_COMPILER_GENERATE_SWIFT_ASSET_SYMBOL_EXTENSIONS = YES;
				CLANG_ANALYZER_NONNULL = YES;
				CLANG_ANALYZER_NUMBER_OBJECT_CONVERSION = YES_AGGRESSIVE;
				CLANG_CXX_LANGUAGE_STANDARD = "gnu++17";
				CLANG_CXX_LIBRARY = "libc++";
				CLANG_ENABLE_MODULES = YES;
				CLANG_ENABLE_OBJC_ARC = YES;
				CLANG_ENABLE_OBJC_WEAK = YES;
				CLANG_WARN_BLOCK_CAPTURE_AUTORELEASING = YES;
				CLANG_WARN_BOOL_CONVERSION = YES;
				CLANG_WARN_COMMA = YES;
				CLANG_WARN_CONSTANT_CONVERSION = YES;
				CLANG_WARN_DEPRECATED_OBJC_IMPLEMENTATIONS = YES;
				CLANG_WARN_DIRECT_OBJC_ISA_USAGE = YES_ERROR;
				CLANG_WARN_DOCUMENTATION_COMMENTS = YES;
				CLANG_WARN_EMPTY_BODY = YES;
				CLANG_WARN_ENUM_CONVERSION = YES;
				CLANG_WARN_INFINITE_RECURSION = YES;
				CLANG_WARN_INT_CONVERSION = YES;
				CLANG_WARN_NON_LITERAL_NULL_CONVERSION = YES;
				CLANG_WARN_OBJC_IMPLICIT_RETAIN_SELF = YES;
				CLANG_WARN_OBJC_LITERAL_CONVERSION = YES;
				CLANG_WARN_OBJC_ROOT_CLASS = YES_ERROR;
				CLANG_WARN_QUOTED_INCLUDE_IN_FRAMEWORK_HEADER = YES;
				CLANG_WARN_RANGE_LOOP_ANALYSIS = YES;
				CLANG_WARN_STRICT_PROTOTYPES = YES;
				CLANG_WARN_SUSPICIOUS_MOVE = YES;
				CLANG_WARN_UNGUARDED_AVAILABILITY = YES_AGGRESSIVE;
				CLANG_WARN_UNREACHABLE_CODE = YES;
				CLANG_WARN__DUPLICATE_METHOD_MATCH = YES;
				COPY_PHASE_STRIP = NO;
				DEBUG_INFORMATION_FORMAT = "dwarf-with-dsym";
				ENABLE_NS_ASSERTIONS = NO;
				ENABLE_STRICT_OBJC_MSGSEND = YES;
				ENABLE_USER_SCRIPT_SANDBOXING = YES;
				GCC_C_LANGUAGE_STANDARD = gnu11;
				GCC_NO_COMMON_BLOCKS = YES;
				GCC_WARN_64_TO_32_BIT_CONVERSION = YES;
				GCC_WARN_ABOUT_RETURN_TYPE = YES_ERROR;
				GCC_WARN_UNDECLARED_SELECTOR = YES;
				GCC_WARN_UNINITIALIZED_AUTOS = YES_AGGRESSIVE;
				GCC_WARN_UNUSED_FUNCTION = YES;
				GCC_WARN_UNUSED_VARIABLE = YES;
				IPHONEOS_DEPLOYMENT_TARGET = 15.2;
				MTL_ENABLE_DEBUG_INFO = NO;
				MTL_FAST_MATH = YES;
				SDKROOT = iphoneos;
				SWIFT_COMPILATION_MODE = wholemodule;
				SWIFT_OPTIMIZATION_LEVEL = "-O";
				VALIDATE_PRODUCT = YES;
			};
			name = Release;
		};
		A6D8270E27CE8CDD001244D0 /* Debug */ = {
			isa = XCBuildConfiguration;
			buildSettings = {
				ASSETCATALOG_COMPILER_APPICON_NAME = AppIcon;
				ASSETCATALOG_COMPILER_GLOBAL_ACCENT_COLOR_NAME = AccentColor;
				CODE_SIGN_STYLE = Automatic;
				CURRENT_PROJECT_VERSION = 1;
				DEVELOPMENT_TEAM = 29BB6CT754;
				GENERATE_INFOPLIST_FILE = YES;
				INFOPLIST_FILE = UIKitTesting/Info.plist;
				INFOPLIST_KEY_UIApplicationSupportsIndirectInputEvents = YES;
				INFOPLIST_KEY_UILaunchStoryboardName = LaunchScreen;
				INFOPLIST_KEY_UIMainStoryboardFile = Main;
				INFOPLIST_KEY_UISupportedInterfaceOrientations_iPad = "UIInterfaceOrientationPortrait UIInterfaceOrientationPortraitUpsideDown UIInterfaceOrientationLandscapeLeft UIInterfaceOrientationLandscapeRight";
				INFOPLIST_KEY_UISupportedInterfaceOrientations_iPhone = "UIInterfaceOrientationPortrait UIInterfaceOrientationLandscapeLeft UIInterfaceOrientationLandscapeRight";
				IPHONEOS_DEPLOYMENT_TARGET = 17.0;
				LD_RUNPATH_SEARCH_PATHS = (
					"$(inherited)",
					"@executable_path/Frameworks",
				);
				MARKETING_VERSION = 1.0;
				PRODUCT_BUNDLE_IDENTIFIER = govenda.UIKitTesting;
				PRODUCT_NAME = "$(TARGET_NAME)";
				SWIFT_EMIT_LOC_STRINGS = YES;
				SWIFT_VERSION = 5.0;
				TARGETED_DEVICE_FAMILY = "1,2";
			};
			name = Debug;
		};
		A6D8270F27CE8CDD001244D0 /* Release */ = {
			isa = XCBuildConfiguration;
			buildSettings = {
				ASSETCATALOG_COMPILER_APPICON_NAME = AppIcon;
				ASSETCATALOG_COMPILER_GLOBAL_ACCENT_COLOR_NAME = AccentColor;
				CODE_SIGN_STYLE = Automatic;
				CURRENT_PROJECT_VERSION = 1;
				DEVELOPMENT_TEAM = 29BB6CT754;
				GENERATE_INFOPLIST_FILE = YES;
				INFOPLIST_FILE = UIKitTesting/Info.plist;
				INFOPLIST_KEY_UIApplicationSupportsIndirectInputEvents = YES;
				INFOPLIST_KEY_UILaunchStoryboardName = LaunchScreen;
				INFOPLIST_KEY_UIMainStoryboardFile = Main;
				INFOPLIST_KEY_UISupportedInterfaceOrientations_iPad = "UIInterfaceOrientationPortrait UIInterfaceOrientationPortraitUpsideDown UIInterfaceOrientationLandscapeLeft UIInterfaceOrientationLandscapeRight";
				INFOPLIST_KEY_UISupportedInterfaceOrientations_iPhone = "UIInterfaceOrientationPortrait UIInterfaceOrientationLandscapeLeft UIInterfaceOrientationLandscapeRight";
				IPHONEOS_DEPLOYMENT_TARGET = 17.0;
				LD_RUNPATH_SEARCH_PATHS = (
					"$(inherited)",
					"@executable_path/Frameworks",
				);
				MARKETING_VERSION = 1.0;
				PRODUCT_BUNDLE_IDENTIFIER = govenda.UIKitTesting;
				PRODUCT_NAME = "$(TARGET_NAME)";
				SWIFT_EMIT_LOC_STRINGS = YES;
				SWIFT_VERSION = 5.0;
				TARGETED_DEVICE_FAMILY = "1,2";
			};
			name = Release;
		};
/* End XCBuildConfiguration section */

/* Begin XCConfigurationList section */
		A6D826F427CE8CDD001244D0 /* Build configuration list for PBXProject "UIKitTesting" */ = {
			isa = XCConfigurationList;
			buildConfigurations = (
				A6D8270B27CE8CDD001244D0 /* Debug */,
				A6D8270C27CE8CDD001244D0 /* Release */,
			);
			defaultConfigurationIsVisible = 0;
			defaultConfigurationName = Release;
		};
		A6D8270D27CE8CDD001244D0 /* Build configuration list for PBXNativeTarget "UIKitTesting" */ = {
			isa = XCConfigurationList;
			buildConfigurations = (
				A6D8270E27CE8CDD001244D0 /* Debug */,
				A6D8270F27CE8CDD001244D0 /* Release */,
			);
			defaultConfigurationIsVisible = 0;
			defaultConfigurationName = Release;
		};
/* End XCConfigurationList section */
	};
	rootObject = A6D826F127CE8CDD001244D0 /* Project object */;
}
