// !$*UTF8*$!
{
	archiveVersion = 1;
	classes = {
	};
	objectVersion = 55;
	objects = {

/* Begin PBXBuildFile section */
		941B25842953E17B0057B09C /* OrthogonalUICollectionView.swift in Sources */ = {isa = PBXBuildFile; fileRef = 941B25832953E17B0057B09C /* OrthogonalUICollectionView.swift */; };
		9427ED3C29437CD300E9440A /* CarouselCell.swift in Sources */ = {isa = PBXBuildFile; fileRef = 9427ED3B29437CD300E9440A /* CarouselCell.swift */; };
		94CD51372960D2E100A0AB42 /* TabBarController.swift in Sources */ = {isa = PBXBuildFile; fileRef = 94CD51362960D2E100A0AB42 /* TabBarController.swift */; };
		94CD51392960D51E00A0AB42 /* CarouselLayout.swift in Sources */ = {isa = PBXBuildFile; fileRef = 94CD51382960D51E00A0AB42 /* CarouselLayout.swift */; };
		94CD513B2960D55400A0AB42 /* CustomCarouselLayoutVC.swift in Sources */ = {isa = PBXBuildFile; fileRef = 94CD513A2960D55400A0AB42 /* CustomCarouselLayoutVC.swift */; };
		94CD513D2960D6DC00A0AB42 /* CarouselLayoutAttributes.swift in Sources */ = {isa = PBXBuildFile; fileRef = 94CD513C2960D6DC00A0AB42 /* CarouselLayoutAttributes.swift */; };
		94CD51442960D7D600A0AB42 /* ColorStackView.swift in Sources */ = {isa = PBXBuildFile; fileRef = 94CD51432960D7D600A0AB42 /* ColorStackView.swift */; };
		94CD51462960E90300A0AB42 /* CarouselVC.swift in Sources */ = {isa = PBXBuildFile; fileRef = 94CD51452960E90300A0AB42 /* CarouselVC.swift */; };
		94CD51482963881000A0AB42 /* CarouselManager.swift in Sources */ = {isa = PBXBuildFile; fileRef = 94CD51472963881000A0AB42 /* CarouselManager.swift */; };
		94EC774F2951FA8100F3CE62 /* LoremSwiftum in Frameworks */ = {isa = PBXBuildFile; productRef = 94EC774E2951FA8100F3CE62 /* LoremSwiftum */; };
		A6D826FD27CE8CDD001244D0 /* AppDelegate.swift in Sources */ = {isa = PBXBuildFile; fileRef = A6D826FC27CE8CDD001244D0 /* AppDelegate.swift */; };
		A6D826FF27CE8CDD001244D0 /* SceneDelegate.swift in Sources */ = {isa = PBXBuildFile; fileRef = A6D826FE27CE8CDD001244D0 /* SceneDelegate.swift */; };
		A6D8270127CE8CDD001244D0 /* OrthogonalViewController.swift in Sources */ = {isa = PBXBuildFile; fileRef = A6D8270027CE8CDD001244D0 /* OrthogonalViewController.swift */; };
		A6D8270627CE8CDD001244D0 /* Assets.xcassets in Resources */ = {isa = PBXBuildFile; fileRef = A6D8270527CE8CDD001244D0 /* Assets.xcassets */; };
		A6D8270927CE8CDD001244D0 /* LaunchScreen.storyboard in Resources */ = {isa = PBXBuildFile; fileRef = A6D8270727CE8CDD001244D0 /* LaunchScreen.storyboard */; };
/* End PBXBuildFile section */

/* Begin PBXFileReference section */
		941B25832953E17B0057B09C /* OrthogonalUICollectionView.swift */ = {isa = PBXFileReference; lastKnownFileType = sourcecode.swift; path = OrthogonalUICollectionView.swift; sourceTree = "<group>"; };
		9427ED3B29437CD300E9440A /* CarouselCell.swift */ = {isa = PBXFileReference; lastKnownFileType = sourcecode.swift; path = CarouselCell.swift; sourceTree = "<group>"; };
		94CD51362960D2E100A0AB42 /* TabBarController.swift */ = {isa = PBXFileReference; lastKnownFileType = sourcecode.swift; path = TabBarController.swift; sourceTree = "<group>"; };
		94CD51382960D51E00A0AB42 /* CarouselLayout.swift */ = {isa = PBXFileReference; lastKnownFileType = sourcecode.swift; path = CarouselLayout.swift; sourceTree = "<group>"; };
		94CD513A2960D55400A0AB42 /* CustomCarouselLayoutVC.swift */ = {isa = PBXFileReference; lastKnownFileType = sourcecode.swift; path = CustomCarouselLayoutVC.swift; sourceTree = "<group>"; };
		94CD513C2960D6DC00A0AB42 /* CarouselLayoutAttributes.swift */ = {isa = PBXFileReference; lastKnownFileType = sourcecode.swift; path = CarouselLayoutAttributes.swift; sourceTree = "<group>"; };
		94CD51432960D7D600A0AB42 /* ColorStackView.swift */ = {isa = PBXFileReference; lastKnownFileType = sourcecode.swift; path = ColorStackView.swift; sourceTree = "<group>"; };
		94CD51452960E90300A0AB42 /* CarouselVC.swift */ = {isa = PBXFileReference; lastKnownFileType = sourcecode.swift; path = CarouselVC.swift; sourceTree = "<group>"; };
		94CD51472963881000A0AB42 /* CarouselManager.swift */ = {isa = PBXFileReference; lastKnownFileType = sourcecode.swift; path = CarouselManager.swift; sourceTree = "<group>"; };
		A6D826F927CE8CDD001244D0 /* UIKitTesting.app */ = {isa = PBXFileReference; explicitFileType = wrapper.application; includeInIndex = 0; path = UIKitTesting.app; sourceTree = BUILT_PRODUCTS_DIR; };
		A6D826FC27CE8CDD001244D0 /* AppDelegate.swift */ = {isa = PBXFileReference; lastKnownFileType = sourcecode.swift; path = AppDelegate.swift; sourceTree = "<group>"; };
		A6D826FE27CE8CDD001244D0 /* SceneDelegate.swift */ = {isa = PBXFileReference; lastKnownFileType = sourcecode.swift; path = SceneDelegate.swift; sourceTree = "<group>"; };
		A6D8270027CE8CDD001244D0 /* OrthogonalViewController.swift */ = {isa = PBXFileReference; lastKnownFileType = sourcecode.swift; path = OrthogonalViewController.swift; sourceTree = "<group>"; };
		A6D8270527CE8CDD001244D0 /* Assets.xcassets */ = {isa = PBXFileReference; lastKnownFileType = folder.assetcatalog; path = Assets.xcassets; sourceTree = "<group>"; };
		A6D8270827CE8CDD001244D0 /* Base */ = {isa = PBXFileReference; lastKnownFileType = file.storyboard; name = Base; path = Base.lproj/LaunchScreen.storyboard; sourceTree = "<group>"; };
		A6D8270A27CE8CDD001244D0 /* Info.plist */ = {isa = PBXFileReference; lastKnownFileType = text.plist.xml; path = Info.plist; sourceTree = "<group>"; };
/* End PBXFileReference section */

/* Begin PBXFrameworksBuildPhase section */
		A6D826F627CE8CDD001244D0 /* Frameworks */ = {
			isa = PBXFrameworksBuildPhase;
			buildActionMask = 2147483647;
			files = (
				94EC774F2951FA8100F3CE62 /* LoremSwiftum in Frameworks */,
			);
			runOnlyForDeploymentPostprocessing = 0;
		};
/* End PBXFrameworksBuildPhase section */

/* Begin PBXGroup section */
		94CD513E2960D6E600A0AB42 /* View Controllers */ = {
			isa = PBXGroup;
			children = (
				94CD51362960D2E100A0AB42 /* TabBarController.swift */,
				A6D8270027CE8CDD001244D0 /* OrthogonalViewController.swift */,
				94CD513A2960D55400A0AB42 /* CustomCarouselLayoutVC.swift */,
				94CD51452960E90300A0AB42 /* CarouselVC.swift */,
			);
			path = "View Controllers";
			sourceTree = "<group>";
		};
		94CD513F2960D6F800A0AB42 /* Uitlities */ = {
			isa = PBXGroup;
			children = (
				941B25832953E17B0057B09C /* OrthogonalUICollectionView.swift */,
				94CD51432960D7D600A0AB42 /* ColorStackView.swift */,
				94CD51472963881000A0AB42 /* CarouselManager.swift */,
			);
			path = Uitlities;
			sourceTree = "<group>";
		};
		94CD51402960D6FE00A0AB42 /* App */ = {
			isa = PBXGroup;
			children = (
				A6D826FC27CE8CDD001244D0 /* AppDelegate.swift */,
				A6D826FE27CE8CDD001244D0 /* SceneDelegate.swift */,
			);
			path = App;
			sourceTree = "<group>";
		};
		94CD51412960D71000A0AB42 /* Cells */ = {
			isa = PBXGroup;
			children = (
				9427ED3B29437CD300E9440A /* CarouselCell.swift */,
			);
			path = Cells;
			sourceTree = "<group>";
		};
		94CD51422960D75600A0AB42 /* Custom Flow Layout */ = {
			isa = PBXGroup;
			children = (
				94CD51382960D51E00A0AB42 /* CarouselLayout.swift */,
				94CD513C2960D6DC00A0AB42 /* CarouselLayoutAttributes.swift */,
			);
			path = "Custom Flow Layout";
			sourceTree = "<group>";
		};
		A6D826F027CE8CDD001244D0 = {
			isa = PBXGroup;
			children = (
				A6D826FB27CE8CDD001244D0 /* UIKitTesting */,
				A6D826FA27CE8CDD001244D0 /* Products */,
			);
			sourceTree = "<group>";
		};
		A6D826FA27CE8CDD001244D0 /* Products */ = {
			isa = PBXGroup;
			children = (
				A6D826F927CE8CDD001244D0 /* UIKitTesting.app */,
			);
			name = Products;
			sourceTree = "<group>";
		};
		A6D826FB27CE8CDD001244D0 /* UIKitTesting */ = {
			isa = PBXGroup;
			children = (
				94CD51402960D6FE00A0AB42 /* App */,
				94CD513F2960D6F800A0AB42 /* Uitlities */,
				94CD513E2960D6E600A0AB42 /* View Controllers */,
				94CD51422960D75600A0AB42 /* Custom Flow Layout */,
				94CD51412960D71000A0AB42 /* Cells */,
				A6D8270527CE8CDD001244D0 /* Assets.xcassets */,
				A6D8270727CE8CDD001244D0 /* LaunchScreen.storyboard */,
				A6D8270A27CE8CDD001244D0 /* Info.plist */,
			);
			path = UIKitTesting;
			sourceTree = "<group>";
		};
/* End PBXGroup section */

/* Begin PBXNativeTarget section */
		A6D826F827CE8CDD001244D0 /* UIKitTesting */ = {
			isa = PBXNativeTarget;
			buildConfigurationList = A6D8270D27CE8CDD001244D0 /* Build configuration list for PBXNativeTarget "UIKitTesting" */;
			buildPhases = (
				A6D826F527CE8CDD001244D0 /* Sources */,
				A6D826F627CE8CDD001244D0 /* Frameworks */,
				A6D826F727CE8CDD001244D0 /* Resources */,
			);
			buildRules = (
			);
			dependencies = (
			);
			name = UIKitTesting;
			packageProductDependencies = (
				94EC774E2951FA8100F3CE62 /* LoremSwiftum */,
			);
			productName = UIKitTesting;
			productReference = A6D826F927CE8CDD001244D0 /* UIKitTesting.app */;
			productType = "com.apple.product-type.application";
		};
/* End PBXNativeTarget section */

/* Begin PBXProject section */
		A6D826F127CE8CDD001244D0 /* Project object */ = {
			isa = PBXProject;
			attributes = {
				BuildIndependentTargetsInParallel = 1;
				LastSwiftUpdateCheck = 1320;
				LastUpgradeCheck = 1320;
				TargetAttributes = {
					A6D826F827CE8CDD001244D0 = {
						CreatedOnToolsVersion = 13.2.1;
					};
				};
			};
			buildConfigurationList = A6D826F427CE8CDD001244D0 /* Build configuration list for PBXProject "UIKitTesting" */;
			compatibilityVersion = "Xcode 13.0";
			developmentRegion = en;
			hasScannedForEncodings = 0;
			knownRegions = (
				en,
				Base,
			);
			mainGroup = A6D826F027CE8CDD001244D0;
			packageReferences = (
				94EC774D2951FA8100F3CE62 /* XCRemoteSwiftPackageReference "LoremSwiftum" */,
			);
			productRefGroup = A6D826FA27CE8CDD001244D0 /* Products */;
			projectDirPath = "";
			projectRoot = "";
			targets = (
				A6D826F827CE8CDD001244D0 /* UIKitTesting */,
			);
		};
/* End PBXProject section */

/* Begin PBXResourcesBuildPhase section */
		A6D826F727CE8CDD001244D0 /* Resources */ = {
			isa = PBXResourcesBuildPhase;
			buildActionMask = 2147483647;
			files = (
				A6D8270927CE8CDD001244D0 /* LaunchScreen.storyboard in Resources */,
				A6D8270627CE8CDD001244D0 /* Assets.xcassets in Resources */,
			);
			runOnlyForDeploymentPostprocessing = 0;
		};
/* End PBXResourcesBuildPhase section */

/* Begin PBXSourcesBuildPhase section */
		A6D826F527CE8CDD001244D0 /* Sources */ = {
			isa = PBXSourcesBuildPhase;
			buildActionMask = 2147483647;
			files = (
				A6D8270127CE8CDD001244D0 /* OrthogonalViewController.swift in Sources */,
				941B25842953E17B0057B09C /* OrthogonalUICollectionView.swift in Sources */,
				94CD513D2960D6DC00A0AB42 /* CarouselLayoutAttributes.swift in Sources */,
				94CD51442960D7D600A0AB42 /* ColorStackView.swift in Sources */,
				9427ED3C29437CD300E9440A /* CarouselCell.swift in Sources */,
				94CD51482963881000A0AB42 /* CarouselManager.swift in Sources */,
				A6D826FD27CE8CDD001244D0 /* AppDelegate.swift in Sources */,
				94CD51462960E90300A0AB42 /* CarouselVC.swift in Sources */,
				94CD51372960D2E100A0AB42 /* TabBarController.swift in Sources */,
				94CD51392960D51E00A0AB42 /* CarouselLayout.swift in Sources */,
				94CD513B2960D55400A0AB42 /* CustomCarouselLayoutVC.swift in Sources */,
				A6D826FF27CE8CDD001244D0 /* SceneDelegate.swift in Sources */,
			);
			runOnlyForDeploymentPostprocessing = 0;
		};
/* End PBXSourcesBuildPhase section */

/* Begin PBXVariantGroup section */
		A6D8270727CE8CDD001244D0 /* LaunchScreen.storyboard */ = {
			isa = PBXVariantGroup;
			children = (
				A6D8270827CE8CDD001244D0 /* Base */,
			);
			name = LaunchScreen.storyboard;
			sourceTree = "<group>";
		};
/* End PBXVariantGroup section */

/* Begin XCBuildConfiguration section */
		A6D8270B27CE8CDD001244D0 /* Debug */ = {
			isa = XCBuildConfiguration;
			buildSettings = {
				ALWAYS_SEARCH_USER_PATHS = NO;
				CLANG_ANALYZER_NONNULL = YES;
				CLANG_ANALYZER_NUMBER_OBJECT_CONVERSION = YES_AGGRESSIVE;
				CLANG_CXX_LANGUAGE_STANDARD = "gnu++17";
				CLANG_CXX_LIBRARY = "libc++";
				CLANG_ENABLE_MODULES = YES;
				CLANG_ENABLE_OBJC_ARC = YES;
				CLANG_ENABLE_OBJC_WEAK = YES;
				CLANG_WARN_BLOCK_CAPTURE_AUTORELEASING = YES;
				CLANG_WARN_BOOL_CONVERSION = YES;
				CLANG_WARN_COMMA = YES;
				CLANG_WARN_CONSTANT_CONVERSION = YES;
				CLANG_WARN_DEPRECATED_OBJC_IMPLEMENTATIONS = YES;
				CLANG_WARN_DIRECT_OBJC_ISA_USAGE = YES_ERROR;
				CLANG_WARN_DOCUMENTATION_COMMENTS = YES;
				CLANG_WARN_EMPTY_BODY = YES;
				CLANG_WARN_ENUM_CONVERSION = YES;
				CLANG_WARN_INFINITE_RECURSION = YES;
				CLANG_WARN_INT_CONVERSION = YES;
				CLANG_WARN_NON_LITERAL_NULL_CONVERSION = YES;
				CLANG_WARN_OBJC_IMPLICIT_RETAIN_SELF = YES;
				CLANG_WARN_OBJC_LITERAL_CONVERSION = YES;
				CLANG_WARN_OBJC_ROOT_CLASS = YES_ERROR;
				CLANG_WARN_QUOTED_INCLUDE_IN_FRAMEWORK_HEADER = YES;
				CLANG_WARN_RANGE_LOOP_ANALYSIS = YES;
				CLANG_WARN_STRICT_PROTOTYPES = YES;
				CLANG_WARN_SUSPICIOUS_MOVE = YES;
				CLANG_WARN_UNGUARDED_AVAILABILITY = YES_AGGRESSIVE;
				CLANG_WARN_UNREACHABLE_CODE = YES;
				CLANG_WARN__DUPLICATE_METHOD_MATCH = YES;
				COPY_PHASE_STRIP = NO;
				DEBUG_INFORMATION_FORMAT = dwarf;
				ENABLE_STRICT_OBJC_MSGSEND = YES;
				ENABLE_TESTABILITY = YES;
				GCC_C_LANGUAGE_STANDARD = gnu11;
				GCC_DYNAMIC_NO_PIC = NO;
				GCC_NO_COMMON_BLOCKS = YES;
				GCC_OPTIMIZATION_LEVEL = 0;
				GCC_PREPROCESSOR_DEFINITIONS = (
					"DEBUG=1",
					"$(inherited)",
				);
				GCC_WARN_64_TO_32_BIT_CONVERSION = YES;
				GCC_WARN_ABOUT_RETURN_TYPE = YES_ERROR;
				GCC_WARN_UNDECLARED_SELECTOR = YES;
				GCC_WARN_UNINITIALIZED_AUTOS = YES_AGGRESSIVE;
				GCC_WARN_UNUSED_FUNCTION = YES;
				GCC_WARN_UNUSED_VARIABLE = YES;
				IPHONEOS_DEPLOYMENT_TARGET = 15.2;
				MTL_ENABLE_DEBUG_INFO = INCLUDE_SOURCE;
				MTL_FAST_MATH = YES;
				ONLY_ACTIVE_ARCH = YES;
				SDKROOT = iphoneos;
				SWIFT_ACTIVE_COMPILATION_CONDITIONS = DEBUG;
				SWIFT_OPTIMIZATION_LEVEL = "-Onone";
			};
			name = Debug;
		};
		A6D8270C27CE8CDD001244D0 /* Release */ = {
			isa = XCBuildConfiguration;
			buildSettings = {
				ALWAYS_SEARCH_USER_PATHS = NO;
				CLANG_ANALYZER_NONNULL = YES;
				CLANG_ANALYZER_NUMBER_OBJECT_CONVERSION = YES_AGGRESSIVE;
				CLANG_CXX_LANGUAGE_STANDARD = "gnu++17";
				CLANG_CXX_LIBRARY = "libc++";
				CLANG_ENABLE_MODULES = YES;
				CLANG_ENABLE_OBJC_ARC = YES;
				CLANG_ENABLE_OBJC_WEAK = YES;
				CLANG_WARN_BLOCK_CAPTURE_AUTORELEASING = YES;
				CLANG_WARN_BOOL_CONVERSION = YES;
				CLANG_WARN_COMMA = YES;
				CLANG_WARN_CONSTANT_CONVERSION = YES;
				CLANG_WARN_DEPRECATED_OBJC_IMPLEMENTATIONS = YES;
				CLANG_WARN_DIRECT_OBJC_ISA_USAGE = YES_ERROR;
				CLANG_WARN_DOCUMENTATION_COMMENTS = YES;
				CLANG_WARN_EMPTY_BODY = YES;
				CLANG_WARN_ENUM_CONVERSION = YES;
				CLANG_WARN_INFINITE_RECURSION = YES;
				CLANG_WARN_INT_CONVERSION = YES;
				CLANG_WARN_NON_LITERAL_NULL_CONVERSION = YES;
				CLANG_WARN_OBJC_IMPLICIT_RETAIN_SELF = YES;
				CLANG_WARN_OBJC_LITERAL_CONVERSION = YES;
				CLANG_WARN_OBJC_ROOT_CLASS = YES_ERROR;
				CLANG_WARN_QUOTED_INCLUDE_IN_FRAMEWORK_HEADER = YES;
				CLANG_WARN_RANGE_LOOP_ANALYSIS = YES;
				CLANG_WARN_STRICT_PROTOTYPES = YES;
				CLANG_WARN_SUSPICIOUS_MOVE = YES;
				CLANG_WARN_UNGUARDED_AVAILABILITY = YES_AGGRESSIVE;
				CLANG_WARN_UNREACHABLE_CODE = YES;
				CLANG_WARN__DUPLICATE_METHOD_MATCH = YES;
				COPY_PHASE_STRIP = NO;
				DEBUG_INFORMATION_FORMAT = "dwarf-with-dsym";
				ENABLE_NS_ASSERTIONS = NO;
				ENABLE_STRICT_OBJC_MSGSEND = YES;
				GCC_C_LANGUAGE_STANDARD = gnu11;
				GCC_NO_COMMON_BLOCKS = YES;
				GCC_WARN_64_TO_32_BIT_CONVERSION = YES;
				GCC_WARN_ABOUT_RETURN_TYPE = YES_ERROR;
				GCC_WARN_UNDECLARED_SELECTOR = YES;
				GCC_WARN_UNINITIALIZED_AUTOS = YES_AGGRESSIVE;
				GCC_WARN_UNUSED_FUNCTION = YES;
				GCC_WARN_UNUSED_VARIABLE = YES;
				IPHONEOS_DEPLOYMENT_TARGET = 15.2;
				MTL_ENABLE_DEBUG_INFO = NO;
				MTL_FAST_MATH = YES;
				SDKROOT = iphoneos;
				SWIFT_COMPILATION_MODE = wholemodule;
				SWIFT_OPTIMIZATION_LEVEL = "-O";
				VALIDATE_PRODUCT = YES;
			};
			name = Release;
		};
		A6D8270E27CE8CDD001244D0 /* Debug */ = {
			isa = XCBuildConfiguration;
			buildSettings = {
				ASSETCATALOG_COMPILER_APPICON_NAME = AppIcon;
				ASSETCATALOG_COMPILER_GLOBAL_ACCENT_COLOR_NAME = AccentColor;
				CODE_SIGN_STYLE = Automatic;
				CURRENT_PROJECT_VERSION = 1;
				DEVELOPMENT_TEAM = SBS8ZBXB9U;
				GENERATE_INFOPLIST_FILE = YES;
				INFOPLIST_FILE = UIKitTesting/Info.plist;
				INFOPLIST_KEY_UIApplicationSupportsIndirectInputEvents = YES;
				INFOPLIST_KEY_UILaunchStoryboardName = LaunchScreen;
				INFOPLIST_KEY_UISupportedInterfaceOrientations_iPad = "UIInterfaceOrientationPortrait UIInterfaceOrientationPortraitUpsideDown UIInterfaceOrientationLandscapeLeft UIInterfaceOrientationLandscapeRight";
				INFOPLIST_KEY_UISupportedInterfaceOrientations_iPhone = "UIInterfaceOrientationPortrait UIInterfaceOrientationLandscapeLeft UIInterfaceOrientationLandscapeRight";
				LD_RUNPATH_SEARCH_PATHS = (
					"$(inherited)",
					"@executable_path/Frameworks",
				);
				MARKETING_VERSION = 1.0;
				PRODUCT_BUNDLE_IDENTIFIER = rspoon3.UIKitTesting;
				PRODUCT_NAME = "$(TARGET_NAME)";
				SWIFT_EMIT_LOC_STRINGS = YES;
				SWIFT_VERSION = 5.0;
				TARGETED_DEVICE_FAMILY = "1,2";
			};
			name = Debug;
		};
		A6D8270F27CE8CDD001244D0 /* Release */ = {
			isa = XCBuildConfiguration;
			buildSettings = {
				ASSETCATALOG_COMPILER_APPICON_NAME = AppIcon;
				ASSETCATALOG_COMPILER_GLOBAL_ACCENT_COLOR_NAME = AccentColor;
				CODE_SIGN_STYLE = Automatic;
				CURRENT_PROJECT_VERSION = 1;
				DEVELOPMENT_TEAM = SBS8ZBXB9U;
				GENERATE_INFOPLIST_FILE = YES;
				INFOPLIST_FILE = UIKitTesting/Info.plist;
				INFOPLIST_KEY_UIApplicationSupportsIndirectInputEvents = YES;
				INFOPLIST_KEY_UILaunchStoryboardName = LaunchScreen;
				INFOPLIST_KEY_UISupportedInterfaceOrientations_iPad = "UIInterfaceOrientationPortrait UIInterfaceOrientationPortraitUpsideDown UIInterfaceOrientationLandscapeLeft UIInterfaceOrientationLandscapeRight";
				INFOPLIST_KEY_UISupportedInterfaceOrientations_iPhone = "UIInterfaceOrientationPortrait UIInterfaceOrientationLandscapeLeft UIInterfaceOrientationLandscapeRight";
				LD_RUNPATH_SEARCH_PATHS = (
					"$(inherited)",
					"@executable_path/Frameworks",
				);
				MARKETING_VERSION = 1.0;
				PRODUCT_BUNDLE_IDENTIFIER = rspoon3.UIKitTesting;
				PRODUCT_NAME = "$(TARGET_NAME)";
				SWIFT_EMIT_LOC_STRINGS = YES;
				SWIFT_VERSION = 5.0;
				TARGETED_DEVICE_FAMILY = "1,2";
			};
			name = Release;
		};
/* End XCBuildConfiguration section */

/* Begin XCConfigurationList section */
		A6D826F427CE8CDD001244D0 /* Build configuration list for PBXProject "UIKitTesting" */ = {
			isa = XCConfigurationList;
			buildConfigurations = (
				A6D8270B27CE8CDD001244D0 /* Debug */,
				A6D8270C27CE8CDD001244D0 /* Release */,
			);
			defaultConfigurationIsVisible = 0;
			defaultConfigurationName = Release;
		};
		A6D8270D27CE8CDD001244D0 /* Build configuration list for PBXNativeTarget "UIKitTesting" */ = {
			isa = XCConfigurationList;
			buildConfigurations = (
				A6D8270E27CE8CDD001244D0 /* Debug */,
				A6D8270F27CE8CDD001244D0 /* Release */,
			);
			defaultConfigurationIsVisible = 0;
			defaultConfigurationName = Release;
		};
/* End XCConfigurationList section */

/* Begin XCRemoteSwiftPackageReference section */
		94EC774D2951FA8100F3CE62 /* XCRemoteSwiftPackageReference "LoremSwiftum" */ = {
			isa = XCRemoteSwiftPackageReference;
			repositoryURL = "https://github.com/lukaskubanek/LoremSwiftum.git";
			requirement = {
				branch = master;
				kind = branch;
			};
		};
/* End XCRemoteSwiftPackageReference section */

/* Begin XCSwiftPackageProductDependency section */
		94EC774E2951FA8100F3CE62 /* LoremSwiftum */ = {
			isa = XCSwiftPackageProductDependency;
			package = 94EC774D2951FA8100F3CE62 /* XCRemoteSwiftPackageReference "LoremSwiftum" */;
			productName = LoremSwiftum;
		};
/* End XCSwiftPackageProductDependency section */
	};
	rootObject = A6D826F127CE8CDD001244D0 /* Project object */;
}
